// !$*UTF8*$!
{
	archiveVersion = 1;
	classes = {
	};
	objectVersion = 46;
	objects = {

/* Begin PBXBuildFile section */
		FED142001B54EE0F009916FC /* main.m in Sources */ = {isa = PBXBuildFile; fileRef = FED141FF1B54EE0F009916FC /* main.m */; };
		FED142031B54EE0F009916FC /* AppDelegate.m in Sources */ = {isa = PBXBuildFile; fileRef = FED142021B54EE0F009916FC /* AppDelegate.m */; };
		FED142061B54EE0F009916FC /* ViewController.m in Sources */ = {isa = PBXBuildFile; fileRef = FED142051B54EE0F009916FC /* ViewController.m */; };
		FED142091B54EE0F009916FC /* Main.storyboard in Resources */ = {isa = PBXBuildFile; fileRef = FED142071B54EE0F009916FC /* Main.storyboard */; };
		FED1420B1B54EE0F009916FC /* Images.xcassets in Resources */ = {isa = PBXBuildFile; fileRef = FED1420A1B54EE0F009916FC /* Images.xcassets */; };
		FED1420E1B54EE0F009916FC /* LaunchScreen.xib in Resources */ = {isa = PBXBuildFile; fileRef = FED1420C1B54EE0F009916FC /* LaunchScreen.xib */; };
		FED1421A1B54EE0F009916FC /* PgScrollviewTests.m in Sources */ = {isa = PBXBuildFile; fileRef = FED142191B54EE0F009916FC /* PgScrollviewTests.m */; };
		FED142251B54EE6C009916FC /* Pgscrollview.m in Sources */ = {isa = PBXBuildFile; fileRef = FED142241B54EE6C009916FC /* Pgscrollview.m */; };
		FED142281B54F5E2009916FC /* image.png in Resources */ = {isa = PBXBuildFile; fileRef = FED142271B54F5E2009916FC /* image.png */; };
/* End PBXBuildFile section */

/* Begin PBXContainerItemProxy section */
		FED142141B54EE0F009916FC /* PBXContainerItemProxy */ = {
			isa = PBXContainerItemProxy;
			containerPortal = FED141F21B54EE0F009916FC /* Project object */;
			proxyType = 1;
			remoteGlobalIDString = FED141F91B54EE0F009916FC;
			remoteInfo = PgScrollview;
		};
/* End PBXContainerItemProxy section */

/* Begin PBXFileReference section */
		FED141FA1B54EE0F009916FC /* PgScrollview.app */ = {isa = PBXFileReference; explicitFileType = wrapper.application; includeInIndex = 0; path = PgScrollview.app; sourceTree = BUILT_PRODUCTS_DIR; };
		FED141FE1B54EE0F009916FC /* Info.plist */ = {isa = PBXFileReference; lastKnownFileType = text.plist.xml; path = Info.plist; sourceTree = "<group>"; };
		FED141FF1B54EE0F009916FC /* main.m */ = {isa = PBXFileReference; lastKnownFileType = sourcecode.c.objc; path = main.m; sourceTree = "<group>"; };
		FED142011B54EE0F009916FC /* AppDelegate.h */ = {isa = PBXFileReference; lastKnownFileType = sourcecode.c.h; path = AppDelegate.h; sourceTree = "<group>"; };
		FED142021B54EE0F009916FC /* AppDelegate.m */ = {isa = PBXFileReference; lastKnownFileType = sourcecode.c.objc; path = AppDelegate.m; sourceTree = "<group>"; };
		FED142041B54EE0F009916FC /* ViewController.h */ = {isa = PBXFileReference; lastKnownFileType = sourcecode.c.h; path = ViewController.h; sourceTree = "<group>"; };
		FED142051B54EE0F009916FC /* ViewController.m */ = {isa = PBXFileReference; lastKnownFileType = sourcecode.c.objc; path = ViewController.m; sourceTree = "<group>"; };
		FED142081B54EE0F009916FC /* Base */ = {isa = PBXFileReference; lastKnownFileType = file.storyboard; name = Base; path = Base.lproj/Main.storyboard; sourceTree = "<group>"; };
		FED1420A1B54EE0F009916FC /* Images.xcassets */ = {isa = PBXFileReference; lastKnownFileType = folder.assetcatalog; path = Images.xcassets; sourceTree = "<group>"; };
		FED1420D1B54EE0F009916FC /* Base */ = {isa = PBXFileReference; lastKnownFileType = file.xib; name = Base; path = Base.lproj/LaunchScreen.xib; sourceTree = "<group>"; };
		FED142131B54EE0F009916FC /* PgScrollviewTests.xctest */ = {isa = PBXFileReference; explicitFileType = wrapper.cfbundle; includeInIndex = 0; path = PgScrollviewTests.xctest; sourceTree = BUILT_PRODUCTS_DIR; };
		FED142181B54EE0F009916FC /* Info.plist */ = {isa = PBXFileReference; lastKnownFileType = text.plist.xml; path = Info.plist; sourceTree = "<group>"; };
		FED142191B54EE0F009916FC /* PgScrollviewTests.m */ = {isa = PBXFileReference; lastKnownFileType = sourcecode.c.objc; path = PgScrollviewTests.m; sourceTree = "<group>"; };
		FED142231B54EE6C009916FC /* Pgscrollview.h */ = {isa = PBXFileReference; fileEncoding = 4; lastKnownFileType = sourcecode.c.h; path = Pgscrollview.h; sourceTree = "<group>"; };
		FED142241B54EE6C009916FC /* Pgscrollview.m */ = {isa = PBXFileReference; fileEncoding = 4; lastKnownFileType = sourcecode.c.objc; path = Pgscrollview.m; sourceTree = "<group>"; };
		FED142261B54F009009916FC /* PgScrollview.pch */ = {isa = PBXFileReference; lastKnownFileType = sourcecode.c.h; path = PgScrollview.pch; sourceTree = "<group>"; };
		FED142271B54F5E2009916FC /* image.png */ = {isa = PBXFileReference; lastKnownFileType = image.png; path = image.png; sourceTree = "<group>"; };
/* End PBXFileReference section */

/* Begin PBXFrameworksBuildPhase section */
		FED141F71B54EE0F009916FC /* Frameworks */ = {
			isa = PBXFrameworksBuildPhase;
			buildActionMask = 2147483647;
			files = (
			);
			runOnlyForDeploymentPostprocessing = 0;
		};
		FED142101B54EE0F009916FC /* Frameworks */ = {
			isa = PBXFrameworksBuildPhase;
			buildActionMask = 2147483647;
			files = (
			);
			runOnlyForDeploymentPostprocessing = 0;
		};
/* End PBXFrameworksBuildPhase section */

/* Begin PBXGroup section */
		FED141F11B54EE0F009916FC = {
			isa = PBXGroup;
			children = (
				FED141FC1B54EE0F009916FC /* PgScrollview */,
				FED142161B54EE0F009916FC /* PgScrollviewTests */,
				FED141FB1B54EE0F009916FC /* Products */,
			);
			sourceTree = "<group>";
		};
		FED141FB1B54EE0F009916FC /* Products */ = {
			isa = PBXGroup;
			children = (
				FED141FA1B54EE0F009916FC /* PgScrollview.app */,
				FED142131B54EE0F009916FC /* PgScrollviewTests.xctest */,
			);
			name = Products;
			sourceTree = "<group>";
		};
		FED141FC1B54EE0F009916FC /* PgScrollview */ = {
			isa = PBXGroup;
			children = (
				FED142011B54EE0F009916FC /* AppDelegate.h */,
				FED142021B54EE0F009916FC /* AppDelegate.m */,
				FED142041B54EE0F009916FC /* ViewController.h */,
				FED142051B54EE0F009916FC /* ViewController.m */,
				FED142271B54F5E2009916FC /* image.png */,
				FED142231B54EE6C009916FC /* Pgscrollview.h */,
				FED142241B54EE6C009916FC /* Pgscrollview.m */,
				FED142261B54F009009916FC /* PgScrollview.pch */,
				FED142071B54EE0F009916FC /* Main.storyboard */,
				FED1420A1B54EE0F009916FC /* Images.xcassets */,
				FED1420C1B54EE0F009916FC /* LaunchScreen.xib */,
				FED141FD1B54EE0F009916FC /* Supporting Files */,
			);
			path = PgScrollview;
			sourceTree = "<group>";
		};
		FED141FD1B54EE0F009916FC /* Supporting Files */ = {
			isa = PBXGroup;
			children = (
				FED141FE1B54EE0F009916FC /* Info.plist */,
				FED141FF1B54EE0F009916FC /* main.m */,
			);
			name = "Supporting Files";
			sourceTree = "<group>";
		};
		FED142161B54EE0F009916FC /* PgScrollviewTests */ = {
			isa = PBXGroup;
			children = (
				FED142191B54EE0F009916FC /* PgScrollviewTests.m */,
				FED142171B54EE0F009916FC /* Supporting Files */,
			);
			path = PgScrollviewTests;
			sourceTree = "<group>";
		};
		FED142171B54EE0F009916FC /* Supporting Files */ = {
			isa = PBXGroup;
			children = (
				FED142181B54EE0F009916FC /* Info.plist */,
			);
			name = "Supporting Files";
			sourceTree = "<group>";
		};
/* End PBXGroup section */

/* Begin PBXNativeTarget section */
		FED141F91B54EE0F009916FC /* PgScrollview */ = {
			isa = PBXNativeTarget;
			buildConfigurationList = FED1421D1B54EE0F009916FC /* Build configuration list for PBXNativeTarget "PgScrollview" */;
			buildPhases = (
				FED141F61B54EE0F009916FC /* Sources */,
				FED141F71B54EE0F009916FC /* Frameworks */,
				FED141F81B54EE0F009916FC /* Resources */,
			);
			buildRules = (
			);
			dependencies = (
			);
			name = PgScrollview;
			productName = PgScrollview;
			productReference = FED141FA1B54EE0F009916FC /* PgScrollview.app */;
			productType = "com.apple.product-type.application";
		};
		FED142121B54EE0F009916FC /* PgScrollviewTests */ = {
			isa = PBXNativeTarget;
			buildConfigurationList = FED142201B54EE0F009916FC /* Build configuration list for PBXNativeTarget "PgScrollviewTests" */;
			buildPhases = (
				FED1420F1B54EE0F009916FC /* Sources */,
				FED142101B54EE0F009916FC /* Frameworks */,
				FED142111B54EE0F009916FC /* Resources */,
			);
			buildRules = (
			);
			dependencies = (
				FED142151B54EE0F009916FC /* PBXTargetDependency */,
			);
			name = PgScrollviewTests;
			productName = PgScrollviewTests;
			productReference = FED142131B54EE0F009916FC /* PgScrollviewTests.xctest */;
			productType = "com.apple.product-type.bundle.unit-test";
		};
/* End PBXNativeTarget section */

/* Begin PBXProject section */
		FED141F21B54EE0F009916FC /* Project object */ = {
			isa = PBXProject;
			attributes = {
				LastUpgradeCheck = 0630;
				ORGANIZATIONNAME = Luck;
				TargetAttributes = {
					FED141F91B54EE0F009916FC = {
						CreatedOnToolsVersion = 6.3;
					};
					FED142121B54EE0F009916FC = {
						CreatedOnToolsVersion = 6.3;
						TestTargetID = FED141F91B54EE0F009916FC;
					};
				};
			};
			buildConfigurationList = FED141F51B54EE0F009916FC /* Build configuration list for PBXProject "PgScrollview" */;
			compatibilityVersion = "Xcode 3.2";
			developmentRegion = English;
			hasScannedForEncodings = 0;
			knownRegions = (
				en,
				Base,
			);
			mainGroup = FED141F11B54EE0F009916FC;
			productRefGroup = FED141FB1B54EE0F009916FC /* Products */;
			projectDirPath = "";
			projectRoot = "";
			targets = (
				FED141F91B54EE0F009916FC /* PgScrollview */,
				FED142121B54EE0F009916FC /* PgScrollviewTests */,
			);
		};
/* End PBXProject section */

/* Begin PBXResourcesBuildPhase section */
		FED141F81B54EE0F009916FC /* Resources */ = {
			isa = PBXResourcesBuildPhase;
			buildActionMask = 2147483647;
			files = (
				FED142091B54EE0F009916FC /* Main.storyboard in Resources */,
				FED1420E1B54EE0F009916FC /* LaunchScreen.xib in Resources */,
				FED1420B1B54EE0F009916FC /* Images.xcassets in Resources */,
				FED142281B54F5E2009916FC /* image.png in Resources */,
			);
			runOnlyForDeploymentPostprocessing = 0;
		};
		FED142111B54EE0F009916FC /* Resources */ = {
			isa = PBXResourcesBuildPhase;
			buildActionMask = 2147483647;
			files = (
			);
			runOnlyForDeploymentPostprocessing = 0;
		};
/* End PBXResourcesBuildPhase section */

/* Begin PBXSourcesBuildPhase section */
		FED141F61B54EE0F009916FC /* Sources */ = {
			isa = PBXSourcesBuildPhase;
			buildActionMask = 2147483647;
			files = (
				FED142061B54EE0F009916FC /* ViewController.m in Sources */,
				FED142031B54EE0F009916FC /* AppDelegate.m in Sources */,
				FED142251B54EE6C009916FC /* Pgscrollview.m in Sources */,
				FED142001B54EE0F009916FC /* main.m in Sources */,
			);
			runOnlyForDeploymentPostprocessing = 0;
		};
		FED1420F1B54EE0F009916FC /* Sources */ = {
			isa = PBXSourcesBuildPhase;
			buildActionMask = 2147483647;
			files = (
				FED1421A1B54EE0F009916FC /* PgScrollviewTests.m in Sources */,
			);
			runOnlyForDeploymentPostprocessing = 0;
		};
/* End PBXSourcesBuildPhase section */

/* Begin PBXTargetDependency section */
		FED142151B54EE0F009916FC /* PBXTargetDependency */ = {
			isa = PBXTargetDependency;
			target = FED141F91B54EE0F009916FC /* PgScrollview */;
			targetProxy = FED142141B54EE0F009916FC /* PBXContainerItemProxy */;
		};
/* End PBXTargetDependency section */

/* Begin PBXVariantGroup section */
		FED142071B54EE0F009916FC /* Main.storyboard */ = {
			isa = PBXVariantGroup;
			children = (
				FED142081B54EE0F009916FC /* Base */,
			);
			name = Main.storyboard;
			sourceTree = "<group>";
		};
		FED1420C1B54EE0F009916FC /* LaunchScreen.xib */ = {
			isa = PBXVariantGroup;
			children = (
				FED1420D1B54EE0F009916FC /* Base */,
			);
			name = LaunchScreen.xib;
			sourceTree = "<group>";
		};
/* End PBXVariantGroup section */

/* Begin XCBuildConfiguration section */
		FED1421B1B54EE0F009916FC /* Debug */ = {
			isa = XCBuildConfiguration;
			buildSettings = {
				ALWAYS_SEARCH_USER_PATHS = NO;
				CLANG_CXX_LANGUAGE_STANDARD = "gnu++0x";
				CLANG_CXX_LIBRARY = "libc++";
				CLANG_ENABLE_MODULES = YES;
				CLANG_ENABLE_OBJC_ARC = YES;
				CLANG_WARN_BOOL_CONVERSION = YES;
				CLANG_WARN_CONSTANT_CONVERSION = YES;
				CLANG_WARN_DIRECT_OBJC_ISA_USAGE = YES_ERROR;
				CLANG_WARN_EMPTY_BODY = YES;
				CLANG_WARN_ENUM_CONVERSION = YES;
				CLANG_WARN_INT_CONVERSION = YES;
				CLANG_WARN_OBJC_ROOT_CLASS = YES_ERROR;
				CLANG_WARN_UNREACHABLE_CODE = YES;
				CLANG_WARN__DUPLICATE_METHOD_MATCH = YES;
				"CODE_SIGN_IDENTITY[sdk=iphoneos*]" = "iPhone Developer";
				COPY_PHASE_STRIP = NO;
				DEBUG_INFORMATION_FORMAT = "dwarf-with-dsym";
				ENABLE_STRICT_OBJC_MSGSEND = YES;
				GCC_C_LANGUAGE_STANDARD = gnu99;
				GCC_DYNAMIC_NO_PIC = NO;
				GCC_NO_COMMON_BLOCKS = YES;
				GCC_OPTIMIZATION_LEVEL = 0;
				GCC_PREPROCESSOR_DEFINITIONS = (
					"DEBUG=1",
					"$(inherited)",
				);
				GCC_SYMBOLS_PRIVATE_EXTERN = NO;
				GCC_WARN_64_TO_32_BIT_CONVERSION = YES;
				GCC_WARN_ABOUT_RETURN_TYPE = YES_ERROR;
				GCC_WARN_UNDECLARED_SELECTOR = YES;
				GCC_WARN_UNINITIALIZED_AUTOS = YES_AGGRESSIVE;
				GCC_WARN_UNUSED_FUNCTION = YES;
				GCC_WARN_UNUSED_VARIABLE = YES;
				IPHONEOS_DEPLOYMENT_TARGET = 8.3;
				MTL_ENABLE_DEBUG_INFO = YES;
				ONLY_ACTIVE_ARCH = YES;
				SDKROOT = iphoneos;
			};
			name = Debug;
		};
		FED1421C1B54EE0F009916FC /* Release */ = {
			isa = XCBuildConfiguration;
			buildSettings = {
				ALWAYS_SEARCH_USER_PATHS = NO;
				CLANG_CXX_LANGUAGE_STANDARD = "gnu++0x";
				CLANG_CXX_LIBRARY = "libc++";
				CLANG_ENABLE_MODULES = YES;
				CLANG_ENABLE_OBJC_ARC = YES;
				CLANG_WARN_BOOL_CONVERSION = YES;
				CLANG_WARN_CONSTANT_CONVERSION = YES;
				CLANG_WARN_DIRECT_OBJC_ISA_USAGE = YES_ERROR;
				CLANG_WARN_EMPTY_BODY = YES;
				CLANG_WARN_ENUM_CONVERSION = YES;
				CLANG_WARN_INT_CONVERSION = YES;
				CLANG_WARN_OBJC_ROOT_CLASS = YES_ERROR;
				CLANG_WARN_UNREACHABLE_CODE = YES;
				CLANG_WARN__DUPLICATE_METHOD_MATCH = YES;
				"CODE_SIGN_IDENTITY[sdk=iphoneos*]" = "iPhone Developer";
				COPY_PHASE_STRIP = NO;
				DEBUG_INFORMATION_FORMAT = "dwarf-with-dsym";
				ENABLE_NS_ASSERTIONS = NO;
				ENABLE_STRICT_OBJC_MSGSEND = YES;
				GCC_C_LANGUAGE_STANDARD = gnu99;
				GCC_NO_COMMON_BLOCKS = YES;
				GCC_WARN_64_TO_32_BIT_CONVERSION = YES;
				GCC_WARN_ABOUT_RETURN_TYPE = YES_ERROR;
				GCC_WARN_UNDECLARED_SELECTOR = YES;
				GCC_WARN_UNINITIALIZED_AUTOS = YES_AGGRESSIVE;
				GCC_WARN_UNUSED_FUNCTION = YES;
				GCC_WARN_UNUSED_VARIABLE = YES;
				IPHONEOS_DEPLOYMENT_TARGET = 8.3;
				MTL_ENABLE_DEBUG_INFO = NO;
				SDKROOT = iphoneos;
				VALIDATE_PRODUCT = YES;
			};
			name = Release;
		};
		FED1421E1B54EE0F009916FC /* Debug */ = {
			isa = XCBuildConfiguration;
			buildSettings = {
				ASSETCATALOG_COMPILER_APPICON_NAME = AppIcon;
				GCC_PREFIX_HEADER = PgScrollview/Pgscrollview.pch;
				INFOPLIST_FILE = PgScrollview/Info.plist;
				LD_RUNPATH_SEARCH_PATHS = "$(inherited) @executable_path/Frameworks";
				PRODUCT_NAME = "$(TARGET_NAME)";
			};
			name = Debug;
		};
		FED1421F1B54EE0F009916FC /* Release */ = {
			isa = XCBuildConfiguration;
			buildSettings = {
				ASSETCATALOG_COMPILER_APPICON_NAME = AppIcon;
				GCC_PREFIX_HEADER = PgScrollview/Pgscrollview.pch;
				INFOPLIST_FILE = PgScrollview/Info.plist;
				LD_RUNPATH_SEARCH_PATHS = "$(inherited) @executable_path/Frameworks";
				PRODUCT_NAME = "$(TARGET_NAME)";
			};
			name = Release;
		};
		FED142211B54EE0F009916FC /* Debug */ = {
			isa = XCBuildConfiguration;
			buildSettings = {
				BUNDLE_LOADER = "$(TEST_HOST)";
				FRAMEWORK_SEARCH_PATHS = (
					"$(SDKROOT)/Developer/Library/Frameworks",
					"$(inherited)",
				);
				GCC_PREPROCESSOR_DEFINITIONS = (
					"DEBUG=1",
					"$(inherited)",
				);
				INFOPLIST_FILE = PgScrollviewTests/Info.plist;
				LD_RUNPATH_SEARCH_PATHS = "$(inherited) @executable_path/Frameworks @loader_path/Frameworks";
				PRODUCT_NAME = "$(TARGET_NAME)";
				TEST_HOST = "$(BUILT_PRODUCTS_DIR)/PgScrollview.app/PgScrollview";
			};
			name = Debug;
		};
		FED142221B54EE0F009916FC /* Release */ = {
			isa = XCBuildConfiguration;
			buildSettings = {
				BUNDLE_LOADER = "$(TEST_HOST)";
				FRAMEWORK_SEARCH_PATHS = (
					"$(SDKROOT)/Developer/Library/Frameworks",
					"$(inherited)",
				);
				INFOPLIST_FILE = PgScrollviewTests/Info.plist;
				LD_RUNPATH_SEARCH_PATHS = "$(inherited) @executable_path/Frameworks @loader_path/Frameworks";
				PRODUCT_NAME = "$(TARGET_NAME)";
				TEST_HOST = "$(BUILT_PRODUCTS_DIR)/PgScrollview.app/PgScrollview";
			};
			name = Release;
		};
/* End XCBuildConfiguration section */

/* Begin XCConfigurationList section */
		FED141F51B54EE0F009916FC /* Build configuration list for PBXProject "PgScrollview" */ = {
			isa = XCConfigurationList;
			buildConfigurations = (
				FED1421B1B54EE0F009916FC /* Debug */,
				FED1421C1B54EE0F009916FC /* Release */,
			);
			defaultConfigurationIsVisible = 0;
			defaultConfigurationName = Release;
		};
		FED1421D1B54EE0F009916FC /* Build configuration list for PBXNativeTarget "PgScrollview" */ = {
			isa = XCConfigurationList;
			buildConfigurations = (
				FED1421E1B54EE0F009916FC /* Debug */,
				FED1421F1B54EE0F009916FC /* Release */,
			);
			defaultConfigurationIsVisible = 0;
		};
		FED142201B54EE0F009916FC /* Build configuration list for PBXNativeTarget "PgScrollviewTests" */ = {
			isa = XCConfigurationList;
			buildConfigurations = (
				FED142211B54EE0F009916FC /* Debug */,
				FED142221B54EE0F009916FC /* Release */,
			);
			defaultConfigurationIsVisible = 0;
		};
/* End XCConfigurationList section */
	};
	rootObject = FED141F21B54EE0F009916FC /* Project object */;
}
